
Microsoft Visual Studio Solution File, Format Version 12.00
# Visual Studio Version 16
VisualStudioVersion = 16.0.29215.179
MinimumVisualStudioVersion = 10.0.40219.1
Project("{FAE04EC0-301F-11D3-BF4B-00C04F79EFBC}") = "Sofia", "Sofia\Sofia.csproj", "{B203DE81-FBC9-4C48-8906-292D8188A455}"
EndProject
Project("{FAE04EC0-301F-11D3-BF4B-00C04F79EFBC}") = "Sofia_Tests", "Sofia_Tests\Sofia_Tests.csproj", "{AFDFB652-D091-4C2F-BFFC-3CCECED8C6B7}"
EndProject
Project("{FAE04EC0-301F-11D3-BF4B-00C04F79EFBC}") = "FEL", "FEL\FEL.csproj", "{22AD929D-14CC-4D4A-AD57-9F2CC0BF3E7F}"
EndProject
Global
	GlobalSection(SolutionConfigurationPlatforms) = preSolution
		Debug|Any CPU = Debug|Any CPU
		Release|Any CPU = Release|Any CPU
	EndGlobalSection
	GlobalSection(ProjectConfigurationPlatforms) = postSolution
		{B203DE81-FBC9-4C48-8906-292D8188A455}.Debug|Any CPU.ActiveCfg = Debug|Any CPU
		{B203DE81-FBC9-4C48-8906-292D8188A455}.Debug|Any CPU.Build.0 = Debug|Any CPU
		{B203DE81-FBC9-4C48-8906-292D8188A455}.Release|Any CPU.ActiveCfg = Release|Any CPU
		{B203DE81-FBC9-4C48-8906-292D8188A455}.Release|Any CPU.Build.0 = Release|Any CPU
		{AFDFB652-D091-4C2F-BFFC-3CCECED8C6B7}.Debug|Any CPU.ActiveCfg = Debug|Any CPU
		{AFDFB652-D091-4C2F-BFFC-3CCECED8C6B7}.Debug|Any CPU.Build.0 = Debug|Any CPU
		{AFDFB652-D091-4C2F-BFFC-3CCECED8C6B7}.Release|Any CPU.ActiveCfg = Release|Any CPU
		{AFDFB652-D091-4C2F-BFFC-3CCECED8C6B7}.Release|Any CPU.Build.0 = Release|Any CPU
		{22AD929D-14CC-4D4A-AD57-9F2CC0BF3E7F}.Debug|Any CPU.ActiveCfg = Debug|Any CPU
		{22AD929D-14CC-4D4A-AD57-9F2CC0BF3E7F}.Debug|Any CPU.Build.0 = Debug|Any CPU
		{22AD929D-14CC-4D4A-AD57-9F2CC0BF3E7F}.Release|Any CPU.ActiveCfg = Release|Any CPU
		{22AD929D-14CC-4D4A-AD57-9F2CC0BF3E7F}.Release|Any CPU.Build.0 = Release|Any CPU
	EndGlobalSection
	GlobalSection(SolutionProperties) = preSolution
		HideSolutionNode = FALSE
	EndGlobalSection
	GlobalSection(ExtensibilityGlobals) = postSolution
		SolutionGuid = {A0143AAC-59C6-488F-B101-EDC3D19A2D1B}
	EndGlobalSection
EndGlobal
